<Solution>
  <Project Path="PhoenixKC.AppHost/PhoenixKC.AppHost.csproj" Id="428e2140-cbf8-4f7e-8a02-67b8421248c0" />
  <Project Path="PhoenixKC.Data/PhoenixKC.Data.csproj" Id="12bfc495-8b92-43ba-8424-9a5f38b4ad54" />
  <Project Path="PhoenixKC.IntegrationTests/PhoenixKC.IntegrationTests.csproj" Id="9b8c69c7-7bee-46a8-839b-542db6830892" />
  <Project Path="PhoenixKC.ServiceDefaults/PhoenixKC.ServiceDefaults.csproj" />
  <Project Path="PhoenixKC.UnitTests/PhoenixKC.UnitTests.csproj" Id="218e0bda-16c9-4cfc-84b8-6f7d3b22eba1" />
  <Project Path="PhoenixKC.WebAPI/PhoenixKC.WebAPI.csproj" />
  <Project Path="PhoenixKC.WebUI/PhoenixKC.WebUI.esproj">
    <Build />
    <Deploy />
  </Project>
</Solution>
