<Solution>
  <Project Path="PhoenixKC.AppHost/PhoenixKC.AppHost.csproj" Id="60d9dfec-d22b-4c0e-b018-82ae391748f2" />
  <Project Path="PhoenixKC.Data/PhoenixKC.Data.csproj" Id="d3dc3c52-51a1-4572-8223-7f7b6e4a6d61" />
  <Project Path="PhoenixKC.IntegrationTests/PhoenixKC.IntegrationTests.csproj" Id="1561d211-a55d-4815-9e60-3e7fa197c226" />
  <Project Path="PhoenixKC.ServiceDefaults/PhoenixKC.ServiceDefaults.csproj" />
  <Project Path="PhoenixKC.UI/PhoenixKC.UI.esproj">
    <Build />
    <Deploy />
  </Project>
  <Project Path="PhoenixKC.UnitTests/PhoenixKC.UnitTests.csproj" Id="baccbe41-a89f-4a60-93f6-a9a20ac27c00" />
  <Project Path="PhoenixKC.WebAPI/PhoenixKC.WebAPI.csproj" />
</Solution>
