<Solution>
  <Project Path="PhoenixKC.Infrastructure/PhoenixKC.Infrastructure.csproj" Id="961a1bda-023d-475f-832f-314583f5b325" />
  <Project Path="PhoenixKC.IntegrationTests/PhoenixKC.IntegrationTests.csproj" Id="c5488697-07f7-4fe6-818e-ea8eb83d3e78" />
  <Project Path="PhoenixKC.UI/PhoenixKC.UI.esproj">
    <Build />
    <Deploy />
  </Project>
  <Project Path="PhoenixKC.UnitTests/PhoenixKC.UnitTests.csproj" Id="4d244113-f66a-4fb9-b458-2fa4b1668745" />
  <Project Path="PhoenixKC.WebAPI/PhoenixKC.WebAPI.csproj" Id="1b324d1e-ad98-4dba-8b4c-d8fd078f6736" />
</Solution>
